
Microsoft Visual Studio Solution File, Format Version 12.00
# Visual Studio 2012
Project("{FAE04EC0-301F-11D3-BF4B-00C04F79EFBC}") = "MarkDownHtmlGenerator", "MarkDownHtmlGenerator\MarkDownHtmlGenerator.csproj", "{075A548B-C096-49D5-A98E-88A54E556599}"
EndProject
Project("{2150E333-8FDC-42A3-9474-1A3956D46DE8}") = "Doc", "Doc", "{DE7E2B30-979F-4E36-9222-69550FB40A3C}"
	ProjectSection(SolutionItems) = preProject
		ChangeLog.md = ChangeLog.md
		ChangeLog.ZH-CN.md = ChangeLog.ZH-CN.md
		Donations.md = Donations.md
		LICENSE = LICENSE
		README.md = README.md
		Usage.md = Usage.md
		Usage.ZH-CN.md = Usage.ZH-CN.md
	EndProjectSection
EndProject
Project("{2150E333-8FDC-42A3-9474-1A3956D46DE8}") = ".nuget", ".nuget", "{08CD8A99-A7E0-4072-AB01-E352B0BEA96F}"
	ProjectSection(SolutionItems) = preProject
		.nuget\packages.config = .nuget\packages.config
	EndProjectSection
EndProject
Global
	GlobalSection(SolutionConfigurationPlatforms) = preSolution
		Debug|Any CPU = Debug|Any CPU
		Release|Any CPU = Release|Any CPU
	EndGlobalSection
	GlobalSection(ProjectConfigurationPlatforms) = postSolution
		{075A548B-C096-49D5-A98E-88A54E556599}.Debug|Any CPU.ActiveCfg = Debug|Any CPU
		{075A548B-C096-49D5-A98E-88A54E556599}.Debug|Any CPU.Build.0 = Debug|Any CPU
		{075A548B-C096-49D5-A98E-88A54E556599}.Release|Any CPU.ActiveCfg = Release|Any CPU
		{075A548B-C096-49D5-A98E-88A54E556599}.Release|Any CPU.Build.0 = Release|Any CPU
	EndGlobalSection
	GlobalSection(SolutionProperties) = preSolution
		HideSolutionNode = FALSE
	EndGlobalSection
EndGlobal
